
Microsoft Visual Studio Solution File, Format Version 12.00
# Visual Studio Version 16
VisualStudioVersion = 16.0.29326.143
MinimumVisualStudioVersion = 10.0.40219.1
Project("{FAE04EC0-301F-11D3-BF4B-00C04F79EFBC}") = "AES", "AES\AES.csproj", "{476B9854-7655-4313-9183-063FC60A42C8}"
EndProject
Global
	GlobalSection(SolutionConfigurationPlatforms) = preSolution
		Debug|Any CPU = Debug|Any CPU
		Release|Any CPU = Release|Any CPU
	EndGlobalSection
	GlobalSection(ProjectConfigurationPlatforms) = postSolution
		{476B9854-7655-4313-9183-063FC60A42C8}.Debug|Any CPU.ActiveCfg = Debug|Any CPU
		{476B9854-7655-4313-9183-063FC60A42C8}.Debug|Any CPU.Build.0 = Debug|Any CPU
		{476B9854-7655-4313-9183-063FC60A42C8}.Release|Any CPU.ActiveCfg = Release|Any CPU
		{476B9854-7655-4313-9183-063FC60A42C8}.Release|Any CPU.Build.0 = Release|Any CPU
	EndGlobalSection
	GlobalSection(SolutionProperties) = preSolution
		HideSolutionNode = FALSE
	EndGlobalSection
	GlobalSection(ExtensibilityGlobals) = postSolution
		SolutionGuid = {FE6A2BE3-7C22-43A1-AF5C-A0D63444AC59}
	EndGlobalSection
EndGlobal
